// !$*UTF8*$!
{
	archiveVersion = 1;
	classes = {
	};
	objectVersion = 46;
	objects = {

/* Begin PBXBuildFile section */
		169A8FFE1884C9E700778E5B /* qwerGameview.m in Sources */ = {isa = PBXBuildFile; fileRef = 169A8FFD1884C9E600778E5B /* qwerGameview.m */; };
		169A90011884D3A800778E5B /* qwerStoryScene.m in Sources */ = {isa = PBXBuildFile; fileRef = 169A90001884D3A800778E5B /* qwerStoryScene.m */; };
		169A90041884DE5600778E5B /* qwerGameEndScene.m in Sources */ = {isa = PBXBuildFile; fileRef = 169A90031884DE5600778E5B /* qwerGameEndScene.m */; };
		169A90061884E74600778E5B /* LoseBG.png in Resources */ = {isa = PBXBuildFile; fileRef = 169A90051884E74600778E5B /* LoseBG.png */; };
		16B4BEBB1883F75700317F1E /* Foundation.framework in Frameworks */ = {isa = PBXBuildFile; fileRef = 16B4BEBA1883F75700317F1E /* Foundation.framework */; };
		16B4BEBD1883F75700317F1E /* CoreGraphics.framework in Frameworks */ = {isa = PBXBuildFile; fileRef = 16B4BEBC1883F75700317F1E /* CoreGraphics.framework */; };
		16B4BEBF1883F75700317F1E /* UIKit.framework in Frameworks */ = {isa = PBXBuildFile; fileRef = 16B4BEBE1883F75700317F1E /* UIKit.framework */; };
		16B4BEC11883F75700317F1E /* SpriteKit.framework in Frameworks */ = {isa = PBXBuildFile; fileRef = 16B4BEC01883F75700317F1E /* SpriteKit.framework */; };
		16B4BEC71883F75700317F1E /* InfoPlist.strings in Resources */ = {isa = PBXBuildFile; fileRef = 16B4BEC51883F75700317F1E /* InfoPlist.strings */; };
		16B4BEC91883F75700317F1E /* main.m in Sources */ = {isa = PBXBuildFile; fileRef = 16B4BEC81883F75700317F1E /* main.m */; };
		16B4BECD1883F75700317F1E /* qwerAppDelegate.m in Sources */ = {isa = PBXBuildFile; fileRef = 16B4BECC1883F75700317F1E /* qwerAppDelegate.m */; };
		16B4BED01883F75700317F1E /* Main.storyboard in Resources */ = {isa = PBXBuildFile; fileRef = 16B4BECE1883F75700317F1E /* Main.storyboard */; };
		16B4BED31883F75700317F1E /* qwerViewController.m in Sources */ = {isa = PBXBuildFile; fileRef = 16B4BED21883F75700317F1E /* qwerViewController.m */; };
		16B4BED61883F75700317F1E /* qwerMyScene.m in Sources */ = {isa = PBXBuildFile; fileRef = 16B4BED51883F75700317F1E /* qwerMyScene.m */; };
		16B4BED81883F75700317F1E /* Spaceship.png in Resources */ = {isa = PBXBuildFile; fileRef = 16B4BED71883F75700317F1E /* Spaceship.png */; };
		16B4BEDA1883F75700317F1E /* Images.xcassets in Resources */ = {isa = PBXBuildFile; fileRef = 16B4BED91883F75700317F1E /* Images.xcassets */; };
		16B4BEE11883F75700317F1E /* XCTest.framework in Frameworks */ = {isa = PBXBuildFile; fileRef = 16B4BEE01883F75700317F1E /* XCTest.framework */; };
		16B4BEE21883F75700317F1E /* Foundation.framework in Frameworks */ = {isa = PBXBuildFile; fileRef = 16B4BEBA1883F75700317F1E /* Foundation.framework */; };
		16B4BEE31883F75700317F1E /* UIKit.framework in Frameworks */ = {isa = PBXBuildFile; fileRef = 16B4BEBE1883F75700317F1E /* UIKit.framework */; };
		16B4BEEB1883F75700317F1E /* InfoPlist.strings in Resources */ = {isa = PBXBuildFile; fileRef = 16B4BEE91883F75700317F1E /* InfoPlist.strings */; };
		16B4BEED1883F75700317F1E /* AquaCrossRiverTests.m in Sources */ = {isa = PBXBuildFile; fileRef = 16B4BEEC1883F75700317F1E /* AquaCrossRiverTests.m */; };
		16B4BF221883FBCF00317F1E /* BGMingame.ogg in Resources */ = {isa = PBXBuildFile; fileRef = 16B4BEF71883FBCF00317F1E /* BGMingame.ogg */; };
		16B4BF231883FBCF00317F1E /* BGMintro.ogg in Resources */ = {isa = PBXBuildFile; fileRef = 16B4BEF81883FBCF00317F1E /* BGMintro.ogg */; };
		16B4BF241883FBCF00317F1E /* BGMmain.ogg in Resources */ = {isa = PBXBuildFile; fileRef = 16B4BEF91883FBCF00317F1E /* BGMmain.ogg */; };
		16B4BF251883FBCF00317F1E /* Black magic.ogg in Resources */ = {isa = PBXBuildFile; fileRef = 16B4BEFA1883FBCF00317F1E /* Black magic.ogg */; };
		16B4BF261883FBCF00317F1E /* crash.ogg in Resources */ = {isa = PBXBuildFile; fileRef = 16B4BEFB1883FBCF00317F1E /* crash.ogg */; };
		16B4BF271883FBCF00317F1E /* drop.ogg in Resources */ = {isa = PBXBuildFile; fileRef = 16B4BEFC1883FBCF00317F1E /* drop.ogg */; };
		16B4BF281883FBCF00317F1E /* endgame.ogg in Resources */ = {isa = PBXBuildFile; fileRef = 16B4BEFD1883FBCF00317F1E /* endgame.ogg */; };
		16B4BF291883FBCF00317F1E /* exprosion.ogg in Resources */ = {isa = PBXBuildFile; fileRef = 16B4BEFE1883FBCF00317F1E /* exprosion.ogg */; };
		16B4BF2A1883FBCF00317F1E /* lostgame.ogg in Resources */ = {isa = PBXBuildFile; fileRef = 16B4BEFF1883FBCF00317F1E /* lostgame.ogg */; };
		16B4BF2B1883FBCF00317F1E /* Off.ogg in Resources */ = {isa = PBXBuildFile; fileRef = 16B4BF001883FBCF00317F1E /* Off.ogg */; };
		16B4BF2C1883FBCF00317F1E /* Omg.ogg in Resources */ = {isa = PBXBuildFile; fileRef = 16B4BF011883FBCF00317F1E /* Omg.ogg */; };
		16B4BF2D1883FBCF00317F1E /* On.ogg in Resources */ = {isa = PBXBuildFile; fileRef = 16B4BF021883FBCF00317F1E /* On.ogg */; };
		16B4BF2E1883FBCF00317F1E /* One more.ogg in Resources */ = {isa = PBXBuildFile; fileRef = 16B4BF031883FBCF00317F1E /* One more.ogg */; };
		16B4BF2F1883FBCF00317F1E /* Three remaining.ogg in Resources */ = {isa = PBXBuildFile; fileRef = 16B4BF041883FBCF00317F1E /* Three remaining.ogg */; };
		16B4BF301883FBCF00317F1E /* Tl.ogg in Resources */ = {isa = PBXBuildFile; fileRef = 16B4BF051883FBCF00317F1E /* Tl.ogg */; };
		16B4BF311883FBCF00317F1E /* Two left.ogg in Resources */ = {isa = PBXBuildFile; fileRef = 16B4BF061883FBCF00317F1E /* Two left.ogg */; };
		16B4BF321883FBCF00317F1E /* BG.png in Resources */ = {isa = PBXBuildFile; fileRef = 16B4BF081883FBCF00317F1E /* BG.png */; };
		16B4BF331883FBCF00317F1E /* BLK.png in Resources */ = {isa = PBXBuildFile; fileRef = 16B4BF091883FBCF00317F1E /* BLK.png */; };
		16B4BF341883FBCF00317F1E /* blood.png in Resources */ = {isa = PBXBuildFile; fileRef = 16B4BF0A1883FBCF00317F1E /* blood.png */; };
		16B4BF351883FBCF00317F1E /* bong.png in Resources */ = {isa = PBXBuildFile; fileRef = 16B4BF0B1883FBCF00317F1E /* bong.png */; };
		16B4BF361883FBCF00317F1E /* car1.png in Resources */ = {isa = PBXBuildFile; fileRef = 16B4BF0C1883FBCF00317F1E /* car1.png */; };
		16B4BF371883FBCF00317F1E /* car2.png in Resources */ = {isa = PBXBuildFile; fileRef = 16B4BF0D1883FBCF00317F1E /* car2.png */; };
		16B4BF381883FBCF00317F1E /* DRBG.png in Resources */ = {isa = PBXBuildFile; fileRef = 16B4BF0E1883FBCF00317F1E /* DRBG.png */; };
		16B4BF391883FBCF00317F1E /* DRfrog.png in Resources */ = {isa = PBXBuildFile; fileRef = 16B4BF0F1883FBCF00317F1E /* DRfrog.png */; };
		16B4BF3A1883FBCF00317F1E /* DRwood1.png in Resources */ = {isa = PBXBuildFile; fileRef = 16B4BF101883FBCF00317F1E /* DRwood1.png */; };
		16B4BF3B1883FBCF00317F1E /* DRwood2.png in Resources */ = {isa = PBXBuildFile; fileRef = 16B4BF111883FBCF00317F1E /* DRwood2.png */; };
		16B4BF3C1883FBCF00317F1E /* DRwood3.png in Resources */ = {isa = PBXBuildFile; fileRef = 16B4BF121883FBCF00317F1E /* DRwood3.png */; };
		16B4BF3D1883FBCF00317F1E /* ed.jpg in Resources */ = {isa = PBXBuildFile; fileRef = 16B4BF131883FBCF00317F1E /* ed.jpg */; };
		16B4BF3E1883FBCF00317F1E /* font.png in Resources */ = {isa = PBXBuildFile; fileRef = 16B4BF141883FBCF00317F1E /* font.png */; };
		16B4BF3F1883FBCF00317F1E /* frog01.png in Resources */ = {isa = PBXBuildFile; fileRef = 16B4BF151883FBCF00317F1E /* frog01.png */; };
		16B4BF401883FBCF00317F1E /* frog02.png in Resources */ = {isa = PBXBuildFile; fileRef = 16B4BF161883FBCF00317F1E /* frog02.png */; };
		16B4BF411883FBCF00317F1E /* in.jpg in Resources */ = {isa = PBXBuildFile; fileRef = 16B4BF171883FBCF00317F1E /* in.jpg */; };
		16B4BF421883FBCF00317F1E /* none.png in Resources */ = {isa = PBXBuildFile; fileRef = 16B4BF181883FBCF00317F1E /* none.png */; };
		16B4BF431883FBCF00317F1E /* poison.png in Resources */ = {isa = PBXBuildFile; fileRef = 16B4BF191883FBCF00317F1E /* poison.png */; };
		16B4BF441883FBCF00317F1E /* Title.png in Resources */ = {isa = PBXBuildFile; fileRef = 16B4BF1A1883FBCF00317F1E /* Title.png */; };
		16B4BF451883FBCF00317F1E /* TLBG.png in Resources */ = {isa = PBXBuildFile; fileRef = 16B4BF1B1883FBCF00317F1E /* TLBG.png */; };
		16B4BF461883FBCF00317F1E /* Tlcar1.png in Resources */ = {isa = PBXBuildFile; fileRef = 16B4BF1C1883FBCF00317F1E /* Tlcar1.png */; };
		16B4BF471883FBCF00317F1E /* Tlcar2.png in Resources */ = {isa = PBXBuildFile; fileRef = 16B4BF1D1883FBCF00317F1E /* Tlcar2.png */; };
		16B4BF481883FBCF00317F1E /* TLfrog.png in Resources */ = {isa = PBXBuildFile; fileRef = 16B4BF1E1883FBCF00317F1E /* TLfrog.png */; };
		16B4BF491883FBCF00317F1E /* wood1.png in Resources */ = {isa = PBXBuildFile; fileRef = 16B4BF1F1883FBCF00317F1E /* wood1.png */; };
		16B4BF4A1883FBCF00317F1E /* wood2.png in Resources */ = {isa = PBXBuildFile; fileRef = 16B4BF201883FBCF00317F1E /* wood2.png */; };
		16B4BF4B1883FBCF00317F1E /* wood3.png in Resources */ = {isa = PBXBuildFile; fileRef = 16B4BF211883FBCF00317F1E /* wood3.png */; };
		16B4BF4D1883FE3300317F1E /* FORTE.TTF in Resources */ = {isa = PBXBuildFile; fileRef = 16B4BF4C1883FE3300317F1E /* FORTE.TTF */; };
<<<<<<< HEAD
		43754AC01886CB9300024BAF /* river1.png in Resources */ = {isa = PBXBuildFile; fileRef = 43754ABD1886CB9300024BAF /* river1.png */; };
		43754AC11886CB9300024BAF /* river2.png in Resources */ = {isa = PBXBuildFile; fileRef = 43754ABE1886CB9300024BAF /* river2.png */; };
		43754AC21886CB9300024BAF /* river3.png in Resources */ = {isa = PBXBuildFile; fileRef = 43754ABF1886CB9300024BAF /* river3.png */; };
		43754AC41886D49A00024BAF /* night.jpg in Resources */ = {isa = PBXBuildFile; fileRef = 43754AC31886D49A00024BAF /* night.jpg */; };
=======
>>>>>>> 6a414876ce7885d84de089baba5750b485863dd0
/* End PBXBuildFile section */

/* Begin PBXContainerItemProxy section */
		16B4BEE41883F75700317F1E /* PBXContainerItemProxy */ = {
			isa = PBXContainerItemProxy;
			containerPortal = 16B4BEAF1883F75700317F1E /* Project object */;
			proxyType = 1;
			remoteGlobalIDString = 16B4BEB61883F75700317F1E;
			remoteInfo = AquaCrossRiver;
		};
/* End PBXContainerItemProxy section */

/* Begin PBXFileReference section */
		169A8FFC1884C9E600778E5B /* qwerGameview.h */ = {isa = PBXFileReference; fileEncoding = 4; lastKnownFileType = sourcecode.c.h; path = qwerGameview.h; sourceTree = "<group>"; };
		169A8FFD1884C9E600778E5B /* qwerGameview.m */ = {isa = PBXFileReference; fileEncoding = 4; lastKnownFileType = sourcecode.c.objc; path = qwerGameview.m; sourceTree = "<group>"; };
		169A8FFF1884D3A800778E5B /* qwerStoryScene.h */ = {isa = PBXFileReference; fileEncoding = 4; lastKnownFileType = sourcecode.c.h; path = qwerStoryScene.h; sourceTree = "<group>"; };
		169A90001884D3A800778E5B /* qwerStoryScene.m */ = {isa = PBXFileReference; fileEncoding = 4; lastKnownFileType = sourcecode.c.objc; path = qwerStoryScene.m; sourceTree = "<group>"; };
		169A90021884DE5600778E5B /* qwerGameEndScene.h */ = {isa = PBXFileReference; fileEncoding = 4; lastKnownFileType = sourcecode.c.h; path = qwerGameEndScene.h; sourceTree = "<group>"; };
		169A90031884DE5600778E5B /* qwerGameEndScene.m */ = {isa = PBXFileReference; fileEncoding = 4; lastKnownFileType = sourcecode.c.objc; path = qwerGameEndScene.m; sourceTree = "<group>"; };
		169A90051884E74600778E5B /* LoseBG.png */ = {isa = PBXFileReference; lastKnownFileType = image.png; path = LoseBG.png; sourceTree = "<group>"; };
		16B4BEB71883F75700317F1E /* AquaCrossRiver.app */ = {isa = PBXFileReference; explicitFileType = wrapper.application; includeInIndex = 0; path = AquaCrossRiver.app; sourceTree = BUILT_PRODUCTS_DIR; };
		16B4BEBA1883F75700317F1E /* Foundation.framework */ = {isa = PBXFileReference; lastKnownFileType = wrapper.framework; name = Foundation.framework; path = System/Library/Frameworks/Foundation.framework; sourceTree = SDKROOT; };
		16B4BEBC1883F75700317F1E /* CoreGraphics.framework */ = {isa = PBXFileReference; lastKnownFileType = wrapper.framework; name = CoreGraphics.framework; path = System/Library/Frameworks/CoreGraphics.framework; sourceTree = SDKROOT; };
		16B4BEBE1883F75700317F1E /* UIKit.framework */ = {isa = PBXFileReference; lastKnownFileType = wrapper.framework; name = UIKit.framework; path = System/Library/Frameworks/UIKit.framework; sourceTree = SDKROOT; };
		16B4BEC01883F75700317F1E /* SpriteKit.framework */ = {isa = PBXFileReference; lastKnownFileType = wrapper.framework; name = SpriteKit.framework; path = System/Library/Frameworks/SpriteKit.framework; sourceTree = SDKROOT; };
		16B4BEC41883F75700317F1E /* AquaCrossRiver-Info.plist */ = {isa = PBXFileReference; lastKnownFileType = text.plist.xml; path = "AquaCrossRiver-Info.plist"; sourceTree = "<group>"; };
		16B4BEC61883F75700317F1E /* en */ = {isa = PBXFileReference; lastKnownFileType = text.plist.strings; name = en; path = en.lproj/InfoPlist.strings; sourceTree = "<group>"; };
		16B4BEC81883F75700317F1E /* main.m */ = {isa = PBXFileReference; lastKnownFileType = sourcecode.c.objc; path = main.m; sourceTree = "<group>"; };
		16B4BECA1883F75700317F1E /* AquaCrossRiver-Prefix.pch */ = {isa = PBXFileReference; lastKnownFileType = sourcecode.c.h; path = "AquaCrossRiver-Prefix.pch"; sourceTree = "<group>"; };
		16B4BECB1883F75700317F1E /* qwerAppDelegate.h */ = {isa = PBXFileReference; lastKnownFileType = sourcecode.c.h; path = qwerAppDelegate.h; sourceTree = "<group>"; };
		16B4BECC1883F75700317F1E /* qwerAppDelegate.m */ = {isa = PBXFileReference; lastKnownFileType = sourcecode.c.objc; path = qwerAppDelegate.m; sourceTree = "<group>"; };
		16B4BECF1883F75700317F1E /* Base */ = {isa = PBXFileReference; lastKnownFileType = file.storyboard; name = Base; path = Base.lproj/Main.storyboard; sourceTree = "<group>"; };
		16B4BED11883F75700317F1E /* qwerViewController.h */ = {isa = PBXFileReference; lastKnownFileType = sourcecode.c.h; path = qwerViewController.h; sourceTree = "<group>"; };
		16B4BED21883F75700317F1E /* qwerViewController.m */ = {isa = PBXFileReference; lastKnownFileType = sourcecode.c.objc; path = qwerViewController.m; sourceTree = "<group>"; };
		16B4BED41883F75700317F1E /* qwerMyScene.h */ = {isa = PBXFileReference; lastKnownFileType = sourcecode.c.h; path = qwerMyScene.h; sourceTree = "<group>"; };
		16B4BED51883F75700317F1E /* qwerMyScene.m */ = {isa = PBXFileReference; lastKnownFileType = sourcecode.c.objc; path = qwerMyScene.m; sourceTree = "<group>"; };
		16B4BED71883F75700317F1E /* Spaceship.png */ = {isa = PBXFileReference; lastKnownFileType = image.png; path = Spaceship.png; sourceTree = "<group>"; };
		16B4BED91883F75700317F1E /* Images.xcassets */ = {isa = PBXFileReference; lastKnownFileType = folder.assetcatalog; path = Images.xcassets; sourceTree = "<group>"; };
		16B4BEDF1883F75700317F1E /* AquaCrossRiverTests.xctest */ = {isa = PBXFileReference; explicitFileType = wrapper.cfbundle; includeInIndex = 0; path = AquaCrossRiverTests.xctest; sourceTree = BUILT_PRODUCTS_DIR; };
		16B4BEE01883F75700317F1E /* XCTest.framework */ = {isa = PBXFileReference; lastKnownFileType = wrapper.framework; name = XCTest.framework; path = Library/Frameworks/XCTest.framework; sourceTree = DEVELOPER_DIR; };
		16B4BEE81883F75700317F1E /* AquaCrossRiverTests-Info.plist */ = {isa = PBXFileReference; lastKnownFileType = text.plist.xml; path = "AquaCrossRiverTests-Info.plist"; sourceTree = "<group>"; };
		16B4BEEA1883F75700317F1E /* en */ = {isa = PBXFileReference; lastKnownFileType = text.plist.strings; name = en; path = en.lproj/InfoPlist.strings; sourceTree = "<group>"; };
		16B4BEEC1883F75700317F1E /* AquaCrossRiverTests.m */ = {isa = PBXFileReference; lastKnownFileType = sourcecode.c.objc; path = AquaCrossRiverTests.m; sourceTree = "<group>"; };
		16B4BEF71883FBCF00317F1E /* BGMingame.ogg */ = {isa = PBXFileReference; lastKnownFileType = file; path = BGMingame.ogg; sourceTree = "<group>"; };
		16B4BEF81883FBCF00317F1E /* BGMintro.ogg */ = {isa = PBXFileReference; lastKnownFileType = file; path = BGMintro.ogg; sourceTree = "<group>"; };
		16B4BEF91883FBCF00317F1E /* BGMmain.ogg */ = {isa = PBXFileReference; lastKnownFileType = file; path = BGMmain.ogg; sourceTree = "<group>"; };
		16B4BEFA1883FBCF00317F1E /* Black magic.ogg */ = {isa = PBXFileReference; lastKnownFileType = file; path = "Black magic.ogg"; sourceTree = "<group>"; };
		16B4BEFB1883FBCF00317F1E /* crash.ogg */ = {isa = PBXFileReference; lastKnownFileType = file; path = crash.ogg; sourceTree = "<group>"; };
		16B4BEFC1883FBCF00317F1E /* drop.ogg */ = {isa = PBXFileReference; lastKnownFileType = file; path = drop.ogg; sourceTree = "<group>"; };
		16B4BEFD1883FBCF00317F1E /* endgame.ogg */ = {isa = PBXFileReference; lastKnownFileType = file; path = endgame.ogg; sourceTree = "<group>"; };
		16B4BEFE1883FBCF00317F1E /* exprosion.ogg */ = {isa = PBXFileReference; lastKnownFileType = file; path = exprosion.ogg; sourceTree = "<group>"; };
		16B4BEFF1883FBCF00317F1E /* lostgame.ogg */ = {isa = PBXFileReference; lastKnownFileType = file; path = lostgame.ogg; sourceTree = "<group>"; };
		16B4BF001883FBCF00317F1E /* Off.ogg */ = {isa = PBXFileReference; lastKnownFileType = file; path = Off.ogg; sourceTree = "<group>"; };
		16B4BF011883FBCF00317F1E /* Omg.ogg */ = {isa = PBXFileReference; lastKnownFileType = file; path = Omg.ogg; sourceTree = "<group>"; };
		16B4BF021883FBCF00317F1E /* On.ogg */ = {isa = PBXFileReference; lastKnownFileType = file; path = On.ogg; sourceTree = "<group>"; };
		16B4BF031883FBCF00317F1E /* One more.ogg */ = {isa = PBXFileReference; lastKnownFileType = file; path = "One more.ogg"; sourceTree = "<group>"; };
		16B4BF041883FBCF00317F1E /* Three remaining.ogg */ = {isa = PBXFileReference; lastKnownFileType = file; path = "Three remaining.ogg"; sourceTree = "<group>"; };
		16B4BF051883FBCF00317F1E /* Tl.ogg */ = {isa = PBXFileReference; lastKnownFileType = file; path = Tl.ogg; sourceTree = "<group>"; };
		16B4BF061883FBCF00317F1E /* Two left.ogg */ = {isa = PBXFileReference; lastKnownFileType = file; path = "Two left.ogg"; sourceTree = "<group>"; };
		16B4BF081883FBCF00317F1E /* BG.png */ = {isa = PBXFileReference; lastKnownFileType = image.png; path = BG.png; sourceTree = "<group>"; };
		16B4BF091883FBCF00317F1E /* BLK.png */ = {isa = PBXFileReference; lastKnownFileType = image.png; path = BLK.png; sourceTree = "<group>"; };
		16B4BF0A1883FBCF00317F1E /* blood.png */ = {isa = PBXFileReference; lastKnownFileType = image.png; path = blood.png; sourceTree = "<group>"; };
		16B4BF0B1883FBCF00317F1E /* bong.png */ = {isa = PBXFileReference; lastKnownFileType = image.png; path = bong.png; sourceTree = "<group>"; };
		16B4BF0C1883FBCF00317F1E /* car1.png */ = {isa = PBXFileReference; lastKnownFileType = image.png; path = car1.png; sourceTree = "<group>"; };
		16B4BF0D1883FBCF00317F1E /* car2.png */ = {isa = PBXFileReference; lastKnownFileType = image.png; path = car2.png; sourceTree = "<group>"; };
		16B4BF0E1883FBCF00317F1E /* DRBG.png */ = {isa = PBXFileReference; lastKnownFileType = image.png; path = DRBG.png; sourceTree = "<group>"; };
		16B4BF0F1883FBCF00317F1E /* DRfrog.png */ = {isa = PBXFileReference; lastKnownFileType = image.png; path = DRfrog.png; sourceTree = "<group>"; };
		16B4BF101883FBCF00317F1E /* DRwood1.png */ = {isa = PBXFileReference; lastKnownFileType = image.png; path = DRwood1.png; sourceTree = "<group>"; };
		16B4BF111883FBCF00317F1E /* DRwood2.png */ = {isa = PBXFileReference; lastKnownFileType = image.png; path = DRwood2.png; sourceTree = "<group>"; };
		16B4BF121883FBCF00317F1E /* DRwood3.png */ = {isa = PBXFileReference; lastKnownFileType = image.png; path = DRwood3.png; sourceTree = "<group>"; };
		16B4BF131883FBCF00317F1E /* ed.jpg */ = {isa = PBXFileReference; lastKnownFileType = image.jpeg; path = ed.jpg; sourceTree = "<group>"; };
		16B4BF141883FBCF00317F1E /* font.png */ = {isa = PBXFileReference; lastKnownFileType = image.png; path = font.png; sourceTree = "<group>"; };
		16B4BF151883FBCF00317F1E /* frog01.png */ = {isa = PBXFileReference; lastKnownFileType = image.png; path = frog01.png; sourceTree = "<group>"; };
		16B4BF161883FBCF00317F1E /* frog02.png */ = {isa = PBXFileReference; lastKnownFileType = image.png; path = frog02.png; sourceTree = "<group>"; };
		16B4BF171883FBCF00317F1E /* in.jpg */ = {isa = PBXFileReference; lastKnownFileType = image.jpeg; path = in.jpg; sourceTree = "<group>"; };
		16B4BF181883FBCF00317F1E /* none.png */ = {isa = PBXFileReference; lastKnownFileType = image.png; path = none.png; sourceTree = "<group>"; };
		16B4BF191883FBCF00317F1E /* poison.png */ = {isa = PBXFileReference; lastKnownFileType = image.png; path = poison.png; sourceTree = "<group>"; };
		16B4BF1A1883FBCF00317F1E /* Title.png */ = {isa = PBXFileReference; lastKnownFileType = image.png; path = Title.png; sourceTree = "<group>"; };
		16B4BF1B1883FBCF00317F1E /* TLBG.png */ = {isa = PBXFileReference; lastKnownFileType = image.png; path = TLBG.png; sourceTree = "<group>"; };
		16B4BF1C1883FBCF00317F1E /* Tlcar1.png */ = {isa = PBXFileReference; lastKnownFileType = image.png; path = Tlcar1.png; sourceTree = "<group>"; };
		16B4BF1D1883FBCF00317F1E /* Tlcar2.png */ = {isa = PBXFileReference; lastKnownFileType = image.png; path = Tlcar2.png; sourceTree = "<group>"; };
		16B4BF1E1883FBCF00317F1E /* TLfrog.png */ = {isa = PBXFileReference; lastKnownFileType = image.png; path = TLfrog.png; sourceTree = "<group>"; };
		16B4BF1F1883FBCF00317F1E /* wood1.png */ = {isa = PBXFileReference; lastKnownFileType = image.png; path = wood1.png; sourceTree = "<group>"; };
		16B4BF201883FBCF00317F1E /* wood2.png */ = {isa = PBXFileReference; lastKnownFileType = image.png; path = wood2.png; sourceTree = "<group>"; };
		16B4BF211883FBCF00317F1E /* wood3.png */ = {isa = PBXFileReference; lastKnownFileType = image.png; path = wood3.png; sourceTree = "<group>"; };
		16B4BF4C1883FE3300317F1E /* FORTE.TTF */ = {isa = PBXFileReference; lastKnownFileType = file; path = FORTE.TTF; sourceTree = "<group>"; };
<<<<<<< HEAD
		43754ABD1886CB9300024BAF /* river1.png */ = {isa = PBXFileReference; lastKnownFileType = image.png; path = river1.png; sourceTree = "<group>"; };
		43754ABE1886CB9300024BAF /* river2.png */ = {isa = PBXFileReference; lastKnownFileType = image.png; path = river2.png; sourceTree = "<group>"; };
		43754ABF1886CB9300024BAF /* river3.png */ = {isa = PBXFileReference; lastKnownFileType = image.png; path = river3.png; sourceTree = "<group>"; };
		43754AC31886D49A00024BAF /* night.jpg */ = {isa = PBXFileReference; lastKnownFileType = image.jpeg; path = night.jpg; sourceTree = "<group>"; };
=======
>>>>>>> 6a414876ce7885d84de089baba5750b485863dd0
/* End PBXFileReference section */

/* Begin PBXFrameworksBuildPhase section */
		16B4BEB41883F75700317F1E /* Frameworks */ = {
			isa = PBXFrameworksBuildPhase;
			buildActionMask = 2147483647;
			files = (
				16B4BEBD1883F75700317F1E /* CoreGraphics.framework in Frameworks */,
				16B4BEBF1883F75700317F1E /* UIKit.framework in Frameworks */,
				16B4BEC11883F75700317F1E /* SpriteKit.framework in Frameworks */,
				16B4BEBB1883F75700317F1E /* Foundation.framework in Frameworks */,
			);
			runOnlyForDeploymentPostprocessing = 0;
		};
		16B4BEDC1883F75700317F1E /* Frameworks */ = {
			isa = PBXFrameworksBuildPhase;
			buildActionMask = 2147483647;
			files = (
				16B4BEE11883F75700317F1E /* XCTest.framework in Frameworks */,
				16B4BEE31883F75700317F1E /* UIKit.framework in Frameworks */,
				16B4BEE21883F75700317F1E /* Foundation.framework in Frameworks */,
			);
			runOnlyForDeploymentPostprocessing = 0;
		};
/* End PBXFrameworksBuildPhase section */

/* Begin PBXGroup section */
		16B4BEAE1883F75700317F1E = {
			isa = PBXGroup;
			children = (
				16B4BEC21883F75700317F1E /* AquaCrossRiver */,
				16B4BEE61883F75700317F1E /* AquaCrossRiverTests */,
				16B4BEB91883F75700317F1E /* Frameworks */,
				16B4BEB81883F75700317F1E /* Products */,
			);
			sourceTree = "<group>";
		};
		16B4BEB81883F75700317F1E /* Products */ = {
			isa = PBXGroup;
			children = (
				16B4BEB71883F75700317F1E /* AquaCrossRiver.app */,
				16B4BEDF1883F75700317F1E /* AquaCrossRiverTests.xctest */,
			);
			name = Products;
			sourceTree = "<group>";
		};
		16B4BEB91883F75700317F1E /* Frameworks */ = {
			isa = PBXGroup;
			children = (
				16B4BEBA1883F75700317F1E /* Foundation.framework */,
				16B4BEBC1883F75700317F1E /* CoreGraphics.framework */,
				16B4BEBE1883F75700317F1E /* UIKit.framework */,
				16B4BEC01883F75700317F1E /* SpriteKit.framework */,
				16B4BEE01883F75700317F1E /* XCTest.framework */,
			);
			name = Frameworks;
			sourceTree = "<group>";
		};
		16B4BEC21883F75700317F1E /* AquaCrossRiver */ = {
			isa = PBXGroup;
			children = (
				16B4BECB1883F75700317F1E /* qwerAppDelegate.h */,
				16B4BECC1883F75700317F1E /* qwerAppDelegate.m */,
				16B4BECE1883F75700317F1E /* Main.storyboard */,
				16B4BED11883F75700317F1E /* qwerViewController.h */,
				16B4BED21883F75700317F1E /* qwerViewController.m */,
				16B4BED41883F75700317F1E /* qwerMyScene.h */,
				16B4BED51883F75700317F1E /* qwerMyScene.m */,
				169A8FFC1884C9E600778E5B /* qwerGameview.h */,
				169A8FFD1884C9E600778E5B /* qwerGameview.m */,
				169A8FFF1884D3A800778E5B /* qwerStoryScene.h */,
				169A90001884D3A800778E5B /* qwerStoryScene.m */,
				169A90021884DE5600778E5B /* qwerGameEndScene.h */,
				169A90031884DE5600778E5B /* qwerGameEndScene.m */,
				16B4BEF61883FBCF00317F1E /* sound */,
				16B4BF071883FBCF00317F1E /* source */,
				16B4BED71883F75700317F1E /* Spaceship.png */,
				16B4BED91883F75700317F1E /* Images.xcassets */,
				16B4BEC31883F75700317F1E /* Supporting Files */,
			);
			path = AquaCrossRiver;
			sourceTree = "<group>";
		};
		16B4BEC31883F75700317F1E /* Supporting Files */ = {
			isa = PBXGroup;
			children = (
				16B4BEC41883F75700317F1E /* AquaCrossRiver-Info.plist */,
				16B4BEC51883F75700317F1E /* InfoPlist.strings */,
				16B4BEC81883F75700317F1E /* main.m */,
				16B4BECA1883F75700317F1E /* AquaCrossRiver-Prefix.pch */,
			);
			name = "Supporting Files";
			sourceTree = "<group>";
		};
		16B4BEE61883F75700317F1E /* AquaCrossRiverTests */ = {
			isa = PBXGroup;
			children = (
				16B4BEEC1883F75700317F1E /* AquaCrossRiverTests.m */,
				16B4BEE71883F75700317F1E /* Supporting Files */,
			);
			path = AquaCrossRiverTests;
			sourceTree = "<group>";
		};
		16B4BEE71883F75700317F1E /* Supporting Files */ = {
			isa = PBXGroup;
			children = (
				16B4BEE81883F75700317F1E /* AquaCrossRiverTests-Info.plist */,
				16B4BEE91883F75700317F1E /* InfoPlist.strings */,
			);
			name = "Supporting Files";
			sourceTree = "<group>";
		};
		16B4BEF61883FBCF00317F1E /* sound */ = {
			isa = PBXGroup;
			children = (
				16B4BEF71883FBCF00317F1E /* BGMingame.ogg */,
				16B4BEF81883FBCF00317F1E /* BGMintro.ogg */,
				16B4BEF91883FBCF00317F1E /* BGMmain.ogg */,
				16B4BEFA1883FBCF00317F1E /* Black magic.ogg */,
				16B4BEFB1883FBCF00317F1E /* crash.ogg */,
				16B4BEFC1883FBCF00317F1E /* drop.ogg */,
				16B4BEFD1883FBCF00317F1E /* endgame.ogg */,
				16B4BEFE1883FBCF00317F1E /* exprosion.ogg */,
				16B4BEFF1883FBCF00317F1E /* lostgame.ogg */,
				16B4BF001883FBCF00317F1E /* Off.ogg */,
				16B4BF011883FBCF00317F1E /* Omg.ogg */,
				16B4BF021883FBCF00317F1E /* On.ogg */,
				16B4BF031883FBCF00317F1E /* One more.ogg */,
				16B4BF041883FBCF00317F1E /* Three remaining.ogg */,
				16B4BF051883FBCF00317F1E /* Tl.ogg */,
				16B4BF061883FBCF00317F1E /* Two left.ogg */,
			);
			path = sound;
			sourceTree = "<group>";
		};
		16B4BF071883FBCF00317F1E /* source */ = {
			isa = PBXGroup;
			children = (
<<<<<<< HEAD
				43754AC31886D49A00024BAF /* night.jpg */,
				43754ABD1886CB9300024BAF /* river1.png */,
				43754ABE1886CB9300024BAF /* river2.png */,
				43754ABF1886CB9300024BAF /* river3.png */,
=======
>>>>>>> 6a414876ce7885d84de089baba5750b485863dd0
				16B4BF4C1883FE3300317F1E /* FORTE.TTF */,
				16B4BF081883FBCF00317F1E /* BG.png */,
				16B4BF091883FBCF00317F1E /* BLK.png */,
				16B4BF0A1883FBCF00317F1E /* blood.png */,
				16B4BF0B1883FBCF00317F1E /* bong.png */,
				16B4BF0C1883FBCF00317F1E /* car1.png */,
				16B4BF0D1883FBCF00317F1E /* car2.png */,
				16B4BF0E1883FBCF00317F1E /* DRBG.png */,
				16B4BF0F1883FBCF00317F1E /* DRfrog.png */,
				16B4BF101883FBCF00317F1E /* DRwood1.png */,
				16B4BF111883FBCF00317F1E /* DRwood2.png */,
				16B4BF121883FBCF00317F1E /* DRwood3.png */,
				16B4BF131883FBCF00317F1E /* ed.jpg */,
				16B4BF141883FBCF00317F1E /* font.png */,
				16B4BF151883FBCF00317F1E /* frog01.png */,
				16B4BF161883FBCF00317F1E /* frog02.png */,
				169A90051884E74600778E5B /* LoseBG.png */,
				16B4BF171883FBCF00317F1E /* in.jpg */,
				16B4BF181883FBCF00317F1E /* none.png */,
				16B4BF191883FBCF00317F1E /* poison.png */,
				16B4BF1A1883FBCF00317F1E /* Title.png */,
				16B4BF1B1883FBCF00317F1E /* TLBG.png */,
				16B4BF1C1883FBCF00317F1E /* Tlcar1.png */,
				16B4BF1D1883FBCF00317F1E /* Tlcar2.png */,
				16B4BF1E1883FBCF00317F1E /* TLfrog.png */,
				16B4BF1F1883FBCF00317F1E /* wood1.png */,
				16B4BF201883FBCF00317F1E /* wood2.png */,
				16B4BF211883FBCF00317F1E /* wood3.png */,
			);
			path = source;
			sourceTree = "<group>";
		};
/* End PBXGroup section */

/* Begin PBXNativeTarget section */
		16B4BEB61883F75700317F1E /* AquaCrossRiver */ = {
			isa = PBXNativeTarget;
			buildConfigurationList = 16B4BEF01883F75700317F1E /* Build configuration list for PBXNativeTarget "AquaCrossRiver" */;
			buildPhases = (
				16B4BEB31883F75700317F1E /* Sources */,
				16B4BEB41883F75700317F1E /* Frameworks */,
				16B4BEB51883F75700317F1E /* Resources */,
			);
			buildRules = (
			);
			dependencies = (
			);
			name = AquaCrossRiver;
			productName = AquaCrossRiver;
			productReference = 16B4BEB71883F75700317F1E /* AquaCrossRiver.app */;
			productType = "com.apple.product-type.application";
		};
		16B4BEDE1883F75700317F1E /* AquaCrossRiverTests */ = {
			isa = PBXNativeTarget;
			buildConfigurationList = 16B4BEF31883F75700317F1E /* Build configuration list for PBXNativeTarget "AquaCrossRiverTests" */;
			buildPhases = (
				16B4BEDB1883F75700317F1E /* Sources */,
				16B4BEDC1883F75700317F1E /* Frameworks */,
				16B4BEDD1883F75700317F1E /* Resources */,
			);
			buildRules = (
			);
			dependencies = (
				16B4BEE51883F75700317F1E /* PBXTargetDependency */,
			);
			name = AquaCrossRiverTests;
			productName = AquaCrossRiverTests;
			productReference = 16B4BEDF1883F75700317F1E /* AquaCrossRiverTests.xctest */;
			productType = "com.apple.product-type.bundle.unit-test";
		};
/* End PBXNativeTarget section */

/* Begin PBXProject section */
		16B4BEAF1883F75700317F1E /* Project object */ = {
			isa = PBXProject;
			attributes = {
				CLASSPREFIX = qwer;
				LastUpgradeCheck = 0500;
				ORGANIZATIONNAME = FrankieJhou;
				TargetAttributes = {
					16B4BEDE1883F75700317F1E = {
						TestTargetID = 16B4BEB61883F75700317F1E;
					};
				};
			};
			buildConfigurationList = 16B4BEB21883F75700317F1E /* Build configuration list for PBXProject "AquaCrossRiver" */;
			compatibilityVersion = "Xcode 3.2";
			developmentRegion = English;
			hasScannedForEncodings = 0;
			knownRegions = (
				en,
				Base,
			);
			mainGroup = 16B4BEAE1883F75700317F1E;
			productRefGroup = 16B4BEB81883F75700317F1E /* Products */;
			projectDirPath = "";
			projectRoot = "";
			targets = (
				16B4BEB61883F75700317F1E /* AquaCrossRiver */,
				16B4BEDE1883F75700317F1E /* AquaCrossRiverTests */,
			);
		};
/* End PBXProject section */

/* Begin PBXResourcesBuildPhase section */
		16B4BEB51883F75700317F1E /* Resources */ = {
			isa = PBXResourcesBuildPhase;
			buildActionMask = 2147483647;
			files = (
				16B4BF381883FBCF00317F1E /* DRBG.png in Resources */,
				16B4BF391883FBCF00317F1E /* DRfrog.png in Resources */,
				16B4BF2F1883FBCF00317F1E /* Three remaining.ogg in Resources */,
				16B4BF271883FBCF00317F1E /* drop.ogg in Resources */,
				16B4BF411883FBCF00317F1E /* in.jpg in Resources */,
				16B4BF301883FBCF00317F1E /* Tl.ogg in Resources */,
				16B4BF441883FBCF00317F1E /* Title.png in Resources */,
				16B4BF261883FBCF00317F1E /* crash.ogg in Resources */,
				16B4BF251883FBCF00317F1E /* Black magic.ogg in Resources */,
				16B4BF291883FBCF00317F1E /* exprosion.ogg in Resources */,
				16B4BF2E1883FBCF00317F1E /* One more.ogg in Resources */,
				16B4BF221883FBCF00317F1E /* BGMingame.ogg in Resources */,
				16B4BF461883FBCF00317F1E /* Tlcar1.png in Resources */,
				16B4BF471883FBCF00317F1E /* Tlcar2.png in Resources */,
				16B4BF451883FBCF00317F1E /* TLBG.png in Resources */,
				16B4BF2A1883FBCF00317F1E /* lostgame.ogg in Resources */,
				16B4BF481883FBCF00317F1E /* TLfrog.png in Resources */,
				16B4BF421883FBCF00317F1E /* none.png in Resources */,
				16B4BF281883FBCF00317F1E /* endgame.ogg in Resources */,
				16B4BF231883FBCF00317F1E /* BGMintro.ogg in Resources */,
				16B4BF3A1883FBCF00317F1E /* DRwood1.png in Resources */,
				16B4BF371883FBCF00317F1E /* car2.png in Resources */,
				16B4BF361883FBCF00317F1E /* car1.png in Resources */,
				16B4BF241883FBCF00317F1E /* BGMmain.ogg in Resources */,
				16B4BF311883FBCF00317F1E /* Two left.ogg in Resources */,
				16B4BEC71883F75700317F1E /* InfoPlist.strings in Resources */,
				16B4BF4B1883FBCF00317F1E /* wood3.png in Resources */,
				16B4BF4D1883FE3300317F1E /* FORTE.TTF in Resources */,
				16B4BF401883FBCF00317F1E /* frog02.png in Resources */,
				16B4BEDA1883F75700317F1E /* Images.xcassets in Resources */,
				16B4BF3E1883FBCF00317F1E /* font.png in Resources */,
				16B4BF331883FBCF00317F1E /* BLK.png in Resources */,
				16B4BF341883FBCF00317F1E /* blood.png in Resources */,
				16B4BF4A1883FBCF00317F1E /* wood2.png in Resources */,
				16B4BF351883FBCF00317F1E /* bong.png in Resources */,
				16B4BED81883F75700317F1E /* Spaceship.png in Resources */,
				16B4BF2C1883FBCF00317F1E /* Omg.ogg in Resources */,
				16B4BF3C1883FBCF00317F1E /* DRwood3.png in Resources */,
				16B4BF3B1883FBCF00317F1E /* DRwood2.png in Resources */,
				16B4BED01883F75700317F1E /* Main.storyboard in Resources */,
				16B4BF2D1883FBCF00317F1E /* On.ogg in Resources */,
				169A90061884E74600778E5B /* LoseBG.png in Resources */,
				16B4BF491883FBCF00317F1E /* wood1.png in Resources */,
				16B4BF2B1883FBCF00317F1E /* Off.ogg in Resources */,
				16B4BF3D1883FBCF00317F1E /* ed.jpg in Resources */,
				16B4BF3F1883FBCF00317F1E /* frog01.png in Resources */,
				43754AC41886D49A00024BAF /* night.jpg in Resources */,
				16B4BF321883FBCF00317F1E /* BG.png in Resources */,
				16B4BF431883FBCF00317F1E /* poison.png in Resources */,
			);
			runOnlyForDeploymentPostprocessing = 0;
		};
		16B4BEDD1883F75700317F1E /* Resources */ = {
			isa = PBXResourcesBuildPhase;
			buildActionMask = 2147483647;
			files = (
				16B4BEEB1883F75700317F1E /* InfoPlist.strings in Resources */,
			);
			runOnlyForDeploymentPostprocessing = 0;
		};
/* End PBXResourcesBuildPhase section */

/* Begin PBXSourcesBuildPhase section */
		16B4BEB31883F75700317F1E /* Sources */ = {
			isa = PBXSourcesBuildPhase;
			buildActionMask = 2147483647;
			files = (
				16B4BEC91883F75700317F1E /* main.m in Sources */,
				169A8FFE1884C9E700778E5B /* qwerGameview.m in Sources */,
				169A90041884DE5600778E5B /* qwerGameEndScene.m in Sources */,
				16B4BECD1883F75700317F1E /* qwerAppDelegate.m in Sources */,
				16B4BED31883F75700317F1E /* qwerViewController.m in Sources */,
				16B4BED61883F75700317F1E /* qwerMyScene.m in Sources */,
				169A90011884D3A800778E5B /* qwerStoryScene.m in Sources */,
			);
			runOnlyForDeploymentPostprocessing = 0;
		};
		16B4BEDB1883F75700317F1E /* Sources */ = {
			isa = PBXSourcesBuildPhase;
			buildActionMask = 2147483647;
			files = (
				16B4BEED1883F75700317F1E /* AquaCrossRiverTests.m in Sources */,
			);
			runOnlyForDeploymentPostprocessing = 0;
		};
/* End PBXSourcesBuildPhase section */

/* Begin PBXTargetDependency section */
		16B4BEE51883F75700317F1E /* PBXTargetDependency */ = {
			isa = PBXTargetDependency;
			target = 16B4BEB61883F75700317F1E /* AquaCrossRiver */;
			targetProxy = 16B4BEE41883F75700317F1E /* PBXContainerItemProxy */;
		};
/* End PBXTargetDependency section */

/* Begin PBXVariantGroup section */
		16B4BEC51883F75700317F1E /* InfoPlist.strings */ = {
			isa = PBXVariantGroup;
			children = (
				16B4BEC61883F75700317F1E /* en */,
			);
			name = InfoPlist.strings;
			sourceTree = "<group>";
		};
		16B4BECE1883F75700317F1E /* Main.storyboard */ = {
			isa = PBXVariantGroup;
			children = (
				16B4BECF1883F75700317F1E /* Base */,
			);
			name = Main.storyboard;
			sourceTree = "<group>";
		};
		16B4BEE91883F75700317F1E /* InfoPlist.strings */ = {
			isa = PBXVariantGroup;
			children = (
				16B4BEEA1883F75700317F1E /* en */,
			);
			name = InfoPlist.strings;
			sourceTree = "<group>";
		};
/* End PBXVariantGroup section */

/* Begin XCBuildConfiguration section */
		16B4BEEE1883F75700317F1E /* Debug */ = {
			isa = XCBuildConfiguration;
			buildSettings = {
				ALWAYS_SEARCH_USER_PATHS = NO;
				ARCHS = "$(ARCHS_STANDARD_INCLUDING_64_BIT)";
				CLANG_CXX_LANGUAGE_STANDARD = "gnu++0x";
				CLANG_CXX_LIBRARY = "libc++";
				CLANG_ENABLE_MODULES = YES;
				CLANG_ENABLE_OBJC_ARC = YES;
				CLANG_WARN_BOOL_CONVERSION = YES;
				CLANG_WARN_CONSTANT_CONVERSION = YES;
				CLANG_WARN_DIRECT_OBJC_ISA_USAGE = YES_ERROR;
				CLANG_WARN_EMPTY_BODY = YES;
				CLANG_WARN_ENUM_CONVERSION = YES;
				CLANG_WARN_INT_CONVERSION = YES;
				CLANG_WARN_OBJC_ROOT_CLASS = YES_ERROR;
				CLANG_WARN__DUPLICATE_METHOD_MATCH = YES;
				"CODE_SIGN_IDENTITY[sdk=iphoneos*]" = "iPhone Developer";
				COPY_PHASE_STRIP = NO;
				GCC_C_LANGUAGE_STANDARD = gnu99;
				GCC_DYNAMIC_NO_PIC = NO;
				GCC_OPTIMIZATION_LEVEL = 0;
				GCC_PREPROCESSOR_DEFINITIONS = (
					"DEBUG=1",
					"$(inherited)",
				);
				GCC_SYMBOLS_PRIVATE_EXTERN = NO;
				GCC_WARN_64_TO_32_BIT_CONVERSION = YES;
				GCC_WARN_ABOUT_RETURN_TYPE = YES_ERROR;
				GCC_WARN_UNDECLARED_SELECTOR = YES;
				GCC_WARN_UNINITIALIZED_AUTOS = YES;
				GCC_WARN_UNUSED_FUNCTION = YES;
				GCC_WARN_UNUSED_VARIABLE = YES;
				IPHONEOS_DEPLOYMENT_TARGET = 7.0;
				ONLY_ACTIVE_ARCH = YES;
				SDKROOT = iphoneos;
				TARGETED_DEVICE_FAMILY = 2;
			};
			name = Debug;
		};
		16B4BEEF1883F75700317F1E /* Release */ = {
			isa = XCBuildConfiguration;
			buildSettings = {
				ALWAYS_SEARCH_USER_PATHS = NO;
				ARCHS = "$(ARCHS_STANDARD_INCLUDING_64_BIT)";
				CLANG_CXX_LANGUAGE_STANDARD = "gnu++0x";
				CLANG_CXX_LIBRARY = "libc++";
				CLANG_ENABLE_MODULES = YES;
				CLANG_ENABLE_OBJC_ARC = YES;
				CLANG_WARN_BOOL_CONVERSION = YES;
				CLANG_WARN_CONSTANT_CONVERSION = YES;
				CLANG_WARN_DIRECT_OBJC_ISA_USAGE = YES_ERROR;
				CLANG_WARN_EMPTY_BODY = YES;
				CLANG_WARN_ENUM_CONVERSION = YES;
				CLANG_WARN_INT_CONVERSION = YES;
				CLANG_WARN_OBJC_ROOT_CLASS = YES_ERROR;
				CLANG_WARN__DUPLICATE_METHOD_MATCH = YES;
				"CODE_SIGN_IDENTITY[sdk=iphoneos*]" = "iPhone Developer";
				COPY_PHASE_STRIP = YES;
				ENABLE_NS_ASSERTIONS = NO;
				GCC_C_LANGUAGE_STANDARD = gnu99;
				GCC_WARN_64_TO_32_BIT_CONVERSION = YES;
				GCC_WARN_ABOUT_RETURN_TYPE = YES_ERROR;
				GCC_WARN_UNDECLARED_SELECTOR = YES;
				GCC_WARN_UNINITIALIZED_AUTOS = YES;
				GCC_WARN_UNUSED_FUNCTION = YES;
				GCC_WARN_UNUSED_VARIABLE = YES;
				IPHONEOS_DEPLOYMENT_TARGET = 7.0;
				SDKROOT = iphoneos;
				TARGETED_DEVICE_FAMILY = 2;
				VALIDATE_PRODUCT = YES;
			};
			name = Release;
		};
		16B4BEF11883F75700317F1E /* Debug */ = {
			isa = XCBuildConfiguration;
			buildSettings = {
				ASSETCATALOG_COMPILER_APPICON_NAME = AppIcon;
				ASSETCATALOG_COMPILER_LAUNCHIMAGE_NAME = LaunchImage;
				GCC_PRECOMPILE_PREFIX_HEADER = YES;
				GCC_PREFIX_HEADER = "AquaCrossRiver/AquaCrossRiver-Prefix.pch";
				INFOPLIST_FILE = "AquaCrossRiver/AquaCrossRiver-Info.plist";
				PRODUCT_NAME = "$(TARGET_NAME)";
				SPRITEKIT_TEXTURE_ATLAS_OUTPUT = YES;
				WRAPPER_EXTENSION = app;
			};
			name = Debug;
		};
		16B4BEF21883F75700317F1E /* Release */ = {
			isa = XCBuildConfiguration;
			buildSettings = {
				ASSETCATALOG_COMPILER_APPICON_NAME = AppIcon;
				ASSETCATALOG_COMPILER_LAUNCHIMAGE_NAME = LaunchImage;
				GCC_PRECOMPILE_PREFIX_HEADER = YES;
				GCC_PREFIX_HEADER = "AquaCrossRiver/AquaCrossRiver-Prefix.pch";
				INFOPLIST_FILE = "AquaCrossRiver/AquaCrossRiver-Info.plist";
				PRODUCT_NAME = "$(TARGET_NAME)";
				SPRITEKIT_TEXTURE_ATLAS_OUTPUT = YES;
				WRAPPER_EXTENSION = app;
			};
			name = Release;
		};
		16B4BEF41883F75700317F1E /* Debug */ = {
			isa = XCBuildConfiguration;
			buildSettings = {
				ARCHS = "$(ARCHS_STANDARD_INCLUDING_64_BIT)";
				BUNDLE_LOADER = "$(BUILT_PRODUCTS_DIR)/AquaCrossRiver.app/AquaCrossRiver";
				FRAMEWORK_SEARCH_PATHS = (
					"$(SDKROOT)/Developer/Library/Frameworks",
					"$(inherited)",
					"$(DEVELOPER_FRAMEWORKS_DIR)",
				);
				GCC_PRECOMPILE_PREFIX_HEADER = YES;
				GCC_PREFIX_HEADER = "AquaCrossRiver/AquaCrossRiver-Prefix.pch";
				GCC_PREPROCESSOR_DEFINITIONS = (
					"DEBUG=1",
					"$(inherited)",
				);
				INFOPLIST_FILE = "AquaCrossRiverTests/AquaCrossRiverTests-Info.plist";
				PRODUCT_NAME = "$(TARGET_NAME)";
				TEST_HOST = "$(BUNDLE_LOADER)";
				WRAPPER_EXTENSION = xctest;
			};
			name = Debug;
		};
		16B4BEF51883F75700317F1E /* Release */ = {
			isa = XCBuildConfiguration;
			buildSettings = {
				ARCHS = "$(ARCHS_STANDARD_INCLUDING_64_BIT)";
				BUNDLE_LOADER = "$(BUILT_PRODUCTS_DIR)/AquaCrossRiver.app/AquaCrossRiver";
				FRAMEWORK_SEARCH_PATHS = (
					"$(SDKROOT)/Developer/Library/Frameworks",
					"$(inherited)",
					"$(DEVELOPER_FRAMEWORKS_DIR)",
				);
				GCC_PRECOMPILE_PREFIX_HEADER = YES;
				GCC_PREFIX_HEADER = "AquaCrossRiver/AquaCrossRiver-Prefix.pch";
				INFOPLIST_FILE = "AquaCrossRiverTests/AquaCrossRiverTests-Info.plist";
				PRODUCT_NAME = "$(TARGET_NAME)";
				TEST_HOST = "$(BUNDLE_LOADER)";
				WRAPPER_EXTENSION = xctest;
			};
			name = Release;
		};
/* End XCBuildConfiguration section */

/* Begin XCConfigurationList section */
		16B4BEB21883F75700317F1E /* Build configuration list for PBXProject "AquaCrossRiver" */ = {
			isa = XCConfigurationList;
			buildConfigurations = (
				16B4BEEE1883F75700317F1E /* Debug */,
				16B4BEEF1883F75700317F1E /* Release */,
			);
			defaultConfigurationIsVisible = 0;
			defaultConfigurationName = Release;
		};
		16B4BEF01883F75700317F1E /* Build configuration list for PBXNativeTarget "AquaCrossRiver" */ = {
			isa = XCConfigurationList;
			buildConfigurations = (
				16B4BEF11883F75700317F1E /* Debug */,
				16B4BEF21883F75700317F1E /* Release */,
			);
			defaultConfigurationIsVisible = 0;
			defaultConfigurationName = Release;
		};
		16B4BEF31883F75700317F1E /* Build configuration list for PBXNativeTarget "AquaCrossRiverTests" */ = {
			isa = XCConfigurationList;
			buildConfigurations = (
				16B4BEF41883F75700317F1E /* Debug */,
				16B4BEF51883F75700317F1E /* Release */,
			);
			defaultConfigurationIsVisible = 0;
			defaultConfigurationName = Release;
		};
/* End XCConfigurationList section */
	};
	rootObject = 16B4BEAF1883F75700317F1E /* Project object */;
}
